
Microsoft Visual Studio Solution File, Format Version 12.00
# Visual Studio Version 16
VisualStudioVersion = 16.0.29509.3
MinimumVisualStudioVersion = 10.0.40219.1
Project("{FAE04EC0-301F-11D3-BF4B-00C04F79EFBC}") = "HW_01_04_Array_Sort_WeekDay", "HW_01_04_Array_Sort_WeekDay\HW_01_04_Array_Sort_WeekDay.csproj", "{4C9F831D-F159-42EB-8D73-CABE308AD0E4}"
EndProject
Global
	GlobalSection(SolutionConfigurationPlatforms) = preSolution
		Debug|Any CPU = Debug|Any CPU
		Release|Any CPU = Release|Any CPU
	EndGlobalSection
	GlobalSection(ProjectConfigurationPlatforms) = postSolution
		{4C9F831D-F159-42EB-8D73-CABE308AD0E4}.Debug|Any CPU.ActiveCfg = Debug|Any CPU
		{4C9F831D-F159-42EB-8D73-CABE308AD0E4}.Debug|Any CPU.Build.0 = Debug|Any CPU
		{4C9F831D-F159-42EB-8D73-CABE308AD0E4}.Release|Any CPU.ActiveCfg = Release|Any CPU
		{4C9F831D-F159-42EB-8D73-CABE308AD0E4}.Release|Any CPU.Build.0 = Release|Any CPU
	EndGlobalSection
	GlobalSection(SolutionProperties) = preSolution
		HideSolutionNode = FALSE
	EndGlobalSection
	GlobalSection(ExtensibilityGlobals) = postSolution
		SolutionGuid = {5B8D821A-E5F4-44A6-9FD5-68B010AAFBEE}
	EndGlobalSection
EndGlobal
